
Microsoft Visual Studio Solution File, Format Version 12.00
# Visual Studio Version 17
VisualStudioVersion = 17.7.34221.43
MinimumVisualStudioVersion = 10.0.40219.1
Project("{2150E333-8FDC-42A3-9474-1A3956D46DE8}") = "Solution Items", "Solution Items", "{36EA9B87-98FE-4D5B-8E3D-D5756BAE11DC}"
	ProjectSection(SolutionItems) = preProject
		.gitignore = .gitignore
	EndProjectSection
EndProject
Project("{2150E333-8FDC-42A3-9474-1A3956D46DE8}") = "UserService", "UserService", "{FBA99FAA-C8D9-4328-95A0-749BF653E4BC}"
EndProject
Project("{9A19103F-16F7-4668-BE54-9A1E7A4F7556}") = "UserService.Domain", "UserService\UserService.Domain\UserService.Domain.csproj", "{F8AFF801-0B2B-4A75-A46A-1AC8828E1030}"
EndProject
Project("{9A19103F-16F7-4668-BE54-9A1E7A4F7556}") = "UserService.Api", "UserService\UserService.Api\UserService.Api.csproj", "{DFA174B1-5C04-4A60-979B-395C09E8EE1C}"
EndProject
Project("{9A19103F-16F7-4668-BE54-9A1E7A4F7556}") = "UserService.Application", "UserService\UserService.Application\UserService.Application.csproj", "{A4064EE6-B31D-41F4-A388-9A86F7640302}"
EndProject
Project("{9A19103F-16F7-4668-BE54-9A1E7A4F7556}") = "UserService.Infrastructure", "UserService\UserService.Infrastructure\UserService.Infrastructure.csproj", "{00E9926F-7C60-4E49-843B-0C192E6C6D08}"
EndProject
Global
	GlobalSection(SolutionConfigurationPlatforms) = preSolution
		Debug|Any CPU = Debug|Any CPU
		Release|Any CPU = Release|Any CPU
	EndGlobalSection
	GlobalSection(ProjectConfigurationPlatforms) = postSolution
		{F8AFF801-0B2B-4A75-A46A-1AC8828E1030}.Debug|Any CPU.ActiveCfg = Debug|Any CPU
		{F8AFF801-0B2B-4A75-A46A-1AC8828E1030}.Debug|Any CPU.Build.0 = Debug|Any CPU
		{F8AFF801-0B2B-4A75-A46A-1AC8828E1030}.Release|Any CPU.ActiveCfg = Release|Any CPU
		{F8AFF801-0B2B-4A75-A46A-1AC8828E1030}.Release|Any CPU.Build.0 = Release|Any CPU
		{DFA174B1-5C04-4A60-979B-395C09E8EE1C}.Debug|Any CPU.ActiveCfg = Debug|Any CPU
		{DFA174B1-5C04-4A60-979B-395C09E8EE1C}.Debug|Any CPU.Build.0 = Debug|Any CPU
		{DFA174B1-5C04-4A60-979B-395C09E8EE1C}.Release|Any CPU.ActiveCfg = Release|Any CPU
		{DFA174B1-5C04-4A60-979B-395C09E8EE1C}.Release|Any CPU.Build.0 = Release|Any CPU
		{A4064EE6-B31D-41F4-A388-9A86F7640302}.Debug|Any CPU.ActiveCfg = Debug|Any CPU
		{A4064EE6-B31D-41F4-A388-9A86F7640302}.Debug|Any CPU.Build.0 = Debug|Any CPU
		{A4064EE6-B31D-41F4-A388-9A86F7640302}.Release|Any CPU.ActiveCfg = Release|Any CPU
		{A4064EE6-B31D-41F4-A388-9A86F7640302}.Release|Any CPU.Build.0 = Release|Any CPU
		{00E9926F-7C60-4E49-843B-0C192E6C6D08}.Debug|Any CPU.ActiveCfg = Debug|Any CPU
		{00E9926F-7C60-4E49-843B-0C192E6C6D08}.Debug|Any CPU.Build.0 = Debug|Any CPU
		{00E9926F-7C60-4E49-843B-0C192E6C6D08}.Release|Any CPU.ActiveCfg = Release|Any CPU
		{00E9926F-7C60-4E49-843B-0C192E6C6D08}.Release|Any CPU.Build.0 = Release|Any CPU
	EndGlobalSection
	GlobalSection(SolutionProperties) = preSolution
		HideSolutionNode = FALSE
	EndGlobalSection
	GlobalSection(NestedProjects) = preSolution
		{F8AFF801-0B2B-4A75-A46A-1AC8828E1030} = {FBA99FAA-C8D9-4328-95A0-749BF653E4BC}
		{DFA174B1-5C04-4A60-979B-395C09E8EE1C} = {FBA99FAA-C8D9-4328-95A0-749BF653E4BC}
		{A4064EE6-B31D-41F4-A388-9A86F7640302} = {FBA99FAA-C8D9-4328-95A0-749BF653E4BC}
		{00E9926F-7C60-4E49-843B-0C192E6C6D08} = {FBA99FAA-C8D9-4328-95A0-749BF653E4BC}
	EndGlobalSection
	GlobalSection(ExtensibilityGlobals) = postSolution
		SolutionGuid = {B36AF581-69BE-47FE-9F91-9D6C606F709A}
	EndGlobalSection
EndGlobal
