
Microsoft Visual Studio Solution File, Format Version 12.00
# Visual Studio Version 17
VisualStudioVersion = 17.7.34221.43
MinimumVisualStudioVersion = 10.0.40219.1
Project("{2150E333-8FDC-42A3-9474-1A3956D46DE8}") = "Solution Items", "Solution Items", "{36EA9B87-98FE-4D5B-8E3D-D5756BAE11DC}"
	ProjectSection(SolutionItems) = preProject
		.gitignore = .gitignore
	EndProjectSection
EndProject
Project("{2150E333-8FDC-42A3-9474-1A3956D46DE8}") = "UserService", "UserService", "{FBA99FAA-C8D9-4328-95A0-749BF653E4BC}"
EndProject
Project("{9A19103F-16F7-4668-BE54-9A1E7A4F7556}") = "UserService.Api", "Services\UserService\UserService.Api\UserService.Api.csproj", "{4F6D14B3-B33F-49F4-B553-E57A2C31D77F}"
EndProject
Project("{9A19103F-16F7-4668-BE54-9A1E7A4F7556}") = "UserService.Application", "Services\UserService\UserService.Application\UserService.Application.csproj", "{45224669-A36C-469F-A5CC-377B73565827}"
EndProject
Project("{9A19103F-16F7-4668-BE54-9A1E7A4F7556}") = "UserService.Domain", "Services\UserService\UserService.Domain\UserService.Domain.csproj", "{A54E3763-4093-468D-8D0F-52E986AB85C5}"
EndProject
Project("{9A19103F-16F7-4668-BE54-9A1E7A4F7556}") = "UserService.Infrastructure", "Services\UserService\UserService.Infrastructure\UserService.Infrastructure.csproj", "{88204473-7A2E-4C12-B1BE-CC877F4D46C8}"
EndProject
Project("{9A19103F-16F7-4668-BE54-9A1E7A4F7556}") = "Hermes.Common", "BuildingBlocks\Hermes.Common\Hermes.Common.csproj", "{19A3AAFA-726B-4426-8FBB-11A9D23AFFAA}"
EndProject
Project("{2150E333-8FDC-42A3-9474-1A3956D46DE8}") = "BuildingBlocks", "BuildingBlocks", "{85BC644F-67D9-465C-BFA3-36E9A86C4375}"
EndProject
Project("{E53339B2-1760-4266-BCC7-CA923CBCF16C}") = "docker-compose", "docker-compose.dcproj", "{9D8BCA25-24D8-47ED-980C-A1C5BC728F78}"
EndProject
Project("{2150E333-8FDC-42A3-9474-1A3956D46DE8}") = "Services", "Services", "{FC3A50C1-27C1-4F7D-B9FE-83D0388F2DEE}"
EndProject
Project("{2150E333-8FDC-42A3-9474-1A3956D46DE8}") = "WebApps", "WebApps", "{1DA68B5B-397A-4CCD-B3B6-8E841C72FEB9}"
EndProject
Project("{9A19103F-16F7-4668-BE54-9A1E7A4F7556}") = "Hermes.WebStatus", "WebApps\Hermes.WebStatus\Hermes.WebStatus.csproj", "{EED9D318-4AD1-480B-9BA3-56EF6635788A}"
EndProject
Project("{9A19103F-16F7-4668-BE54-9A1E7A4F7556}") = "UserService.Tests.Unit", "Services\UserService\UserService.Tests.Unit\UserService.Tests.Unit.csproj", "{FEEB3CA5-C41E-4D17-A8CE-3B797CC3DFB9}"
EndProject
Project("{9A19103F-16F7-4668-BE54-9A1E7A4F7556}") = "PostService.Domain", "Services\PostService\PostService.Domain\PostService.Domain.csproj", "{D6EB17EF-4444-41F9-AD80-9E80E56C9B7C}"
EndProject
Project("{9A19103F-16F7-4668-BE54-9A1E7A4F7556}") = "PostService.Application", "Services\PostService\PostService.Application\PostService.Application.csproj", "{D90CE7A8-A1A5-4804-B05D-8910C6342489}"
EndProject
Project("{9A19103F-16F7-4668-BE54-9A1E7A4F7556}") = "PostService.Infrastructure", "Services\PostService\PostService.Infrastructure\PostService.Infrastructure.csproj", "{8F41F4D4-DBDE-4E30-A8E9-374536F4AC62}"
EndProject
Project("{9A19103F-16F7-4668-BE54-9A1E7A4F7556}") = "PostService.Api", "Services\PostService\PostService.Api\PostService.Api.csproj", "{3CD4C767-D656-4C3C-913B-B949F18C2371}"
EndProject
Project("{9A19103F-16F7-4668-BE54-9A1E7A4F7556}") = "PostService.Tests.Unit", "Services\PostService\PostService.Tests.Unit\PostService.Tests.Unit.csproj", "{0CED5280-9D06-4427-B2F1-5F521F617EE3}"
EndProject
Project("{2150E333-8FDC-42A3-9474-1A3956D46DE8}") = "PostService", "PostService", "{A78FEE2D-CFE4-4B5D-B4E0-2CC7C13933F7}"
EndProject
Project("{2150E333-8FDC-42A3-9474-1A3956D46DE8}") = "Identity", "Identity", "{80F2CBF3-D2C2-472D-99FB-B61046F7011D}"
EndProject
Project("{9A19103F-16F7-4668-BE54-9A1E7A4F7556}") = "Hermes.IdentityProvider", "Services\Identity\Hermes.IdentityProvider\Hermes.IdentityProvider.csproj", "{4901295D-068C-4B06-A463-612685BF45FD}"
EndProject
Project("{2150E333-8FDC-42A3-9474-1A3956D46DE8}") = "MessagingService", "MessagingService", "{A2BBC98A-DD83-4ECA-8EAB-3245CDC86ABE}"
EndProject
Project("{FAE04EC0-301F-11D3-BF4B-00C04F79EFBC}") = "MessagingService.Api", "Services\MessagingService\MessagingService.Api\MessagingService.Api.csproj", "{820C3588-ECE4-4D8D-B23D-A54D158ABFA3}"
	ProjectSection(ProjectDependencies) = postProject
		{06D4190E-410B-48EF-A6B6-F628CFF0C488} = {06D4190E-410B-48EF-A6B6-F628CFF0C488}
	EndProjectSection
EndProject
Project("{FAE04EC0-301F-11D3-BF4B-00C04F79EFBC}") = "MessagingService.Domain", "Services\MessagingService\MessagingService.Domain\MessagingService.Domain.csproj", "{9BC662C5-FEF3-42C9-B583-5340E8D551B3}"
EndProject
Project("{FAE04EC0-301F-11D3-BF4B-00C04F79EFBC}") = "MessagingService.Infrastructure", "Services\MessagingService\MessagingService.Infrastructure\MessagingService.Infrastructure.csproj", "{5F1894C4-030A-4760-8A3D-17AC5DDB69A9}"
	ProjectSection(ProjectDependencies) = postProject
		{9BC662C5-FEF3-42C9-B583-5340E8D551B3} = {9BC662C5-FEF3-42C9-B583-5340E8D551B3}
	EndProjectSection
EndProject
Project("{FAE04EC0-301F-11D3-BF4B-00C04F79EFBC}") = "MessagingService.Application", "Services\MessagingService\MessagingService.Application\MessagingService.Application.csproj", "{06D4190E-410B-48EF-A6B6-F628CFF0C488}"
	ProjectSection(ProjectDependencies) = postProject
		{5F1894C4-030A-4760-8A3D-17AC5DDB69A9} = {5F1894C4-030A-4760-8A3D-17AC5DDB69A9}
	EndProjectSection
EndProject
Global
	GlobalSection(SolutionConfigurationPlatforms) = preSolution
		Debug|Any CPU = Debug|Any CPU
		Release|Any CPU = Release|Any CPU
	EndGlobalSection
	GlobalSection(ProjectConfigurationPlatforms) = postSolution
		{4F6D14B3-B33F-49F4-B553-E57A2C31D77F}.Debug|Any CPU.ActiveCfg = Debug|Any CPU
		{4F6D14B3-B33F-49F4-B553-E57A2C31D77F}.Debug|Any CPU.Build.0 = Debug|Any CPU
		{4F6D14B3-B33F-49F4-B553-E57A2C31D77F}.Release|Any CPU.ActiveCfg = Release|Any CPU
		{4F6D14B3-B33F-49F4-B553-E57A2C31D77F}.Release|Any CPU.Build.0 = Release|Any CPU
		{45224669-A36C-469F-A5CC-377B73565827}.Debug|Any CPU.ActiveCfg = Debug|Any CPU
		{45224669-A36C-469F-A5CC-377B73565827}.Debug|Any CPU.Build.0 = Debug|Any CPU
		{45224669-A36C-469F-A5CC-377B73565827}.Release|Any CPU.ActiveCfg = Release|Any CPU
		{45224669-A36C-469F-A5CC-377B73565827}.Release|Any CPU.Build.0 = Release|Any CPU
		{A54E3763-4093-468D-8D0F-52E986AB85C5}.Debug|Any CPU.ActiveCfg = Debug|Any CPU
		{A54E3763-4093-468D-8D0F-52E986AB85C5}.Debug|Any CPU.Build.0 = Debug|Any CPU
		{A54E3763-4093-468D-8D0F-52E986AB85C5}.Release|Any CPU.ActiveCfg = Release|Any CPU
		{A54E3763-4093-468D-8D0F-52E986AB85C5}.Release|Any CPU.Build.0 = Release|Any CPU
		{88204473-7A2E-4C12-B1BE-CC877F4D46C8}.Debug|Any CPU.ActiveCfg = Debug|Any CPU
		{88204473-7A2E-4C12-B1BE-CC877F4D46C8}.Debug|Any CPU.Build.0 = Debug|Any CPU
		{88204473-7A2E-4C12-B1BE-CC877F4D46C8}.Release|Any CPU.ActiveCfg = Release|Any CPU
		{88204473-7A2E-4C12-B1BE-CC877F4D46C8}.Release|Any CPU.Build.0 = Release|Any CPU
		{19A3AAFA-726B-4426-8FBB-11A9D23AFFAA}.Debug|Any CPU.ActiveCfg = Debug|Any CPU
		{19A3AAFA-726B-4426-8FBB-11A9D23AFFAA}.Debug|Any CPU.Build.0 = Debug|Any CPU
		{19A3AAFA-726B-4426-8FBB-11A9D23AFFAA}.Release|Any CPU.ActiveCfg = Release|Any CPU
		{19A3AAFA-726B-4426-8FBB-11A9D23AFFAA}.Release|Any CPU.Build.0 = Release|Any CPU
		{9D8BCA25-24D8-47ED-980C-A1C5BC728F78}.Debug|Any CPU.ActiveCfg = Debug|Any CPU
		{9D8BCA25-24D8-47ED-980C-A1C5BC728F78}.Debug|Any CPU.Build.0 = Debug|Any CPU
		{9D8BCA25-24D8-47ED-980C-A1C5BC728F78}.Release|Any CPU.ActiveCfg = Release|Any CPU
		{9D8BCA25-24D8-47ED-980C-A1C5BC728F78}.Release|Any CPU.Build.0 = Release|Any CPU
		{EED9D318-4AD1-480B-9BA3-56EF6635788A}.Debug|Any CPU.ActiveCfg = Debug|Any CPU
		{EED9D318-4AD1-480B-9BA3-56EF6635788A}.Debug|Any CPU.Build.0 = Debug|Any CPU
		{EED9D318-4AD1-480B-9BA3-56EF6635788A}.Release|Any CPU.ActiveCfg = Release|Any CPU
		{EED9D318-4AD1-480B-9BA3-56EF6635788A}.Release|Any CPU.Build.0 = Release|Any CPU
		{FEEB3CA5-C41E-4D17-A8CE-3B797CC3DFB9}.Debug|Any CPU.ActiveCfg = Debug|Any CPU
		{FEEB3CA5-C41E-4D17-A8CE-3B797CC3DFB9}.Debug|Any CPU.Build.0 = Debug|Any CPU
		{FEEB3CA5-C41E-4D17-A8CE-3B797CC3DFB9}.Release|Any CPU.ActiveCfg = Release|Any CPU
		{FEEB3CA5-C41E-4D17-A8CE-3B797CC3DFB9}.Release|Any CPU.Build.0 = Release|Any CPU
		{D6EB17EF-4444-41F9-AD80-9E80E56C9B7C}.Debug|Any CPU.ActiveCfg = Debug|Any CPU
		{D6EB17EF-4444-41F9-AD80-9E80E56C9B7C}.Debug|Any CPU.Build.0 = Debug|Any CPU
		{D6EB17EF-4444-41F9-AD80-9E80E56C9B7C}.Release|Any CPU.ActiveCfg = Release|Any CPU
		{D6EB17EF-4444-41F9-AD80-9E80E56C9B7C}.Release|Any CPU.Build.0 = Release|Any CPU
		{D90CE7A8-A1A5-4804-B05D-8910C6342489}.Debug|Any CPU.ActiveCfg = Debug|Any CPU
		{D90CE7A8-A1A5-4804-B05D-8910C6342489}.Debug|Any CPU.Build.0 = Debug|Any CPU
		{D90CE7A8-A1A5-4804-B05D-8910C6342489}.Release|Any CPU.ActiveCfg = Release|Any CPU
		{D90CE7A8-A1A5-4804-B05D-8910C6342489}.Release|Any CPU.Build.0 = Release|Any CPU
		{8F41F4D4-DBDE-4E30-A8E9-374536F4AC62}.Debug|Any CPU.ActiveCfg = Debug|Any CPU
		{8F41F4D4-DBDE-4E30-A8E9-374536F4AC62}.Debug|Any CPU.Build.0 = Debug|Any CPU
		{8F41F4D4-DBDE-4E30-A8E9-374536F4AC62}.Release|Any CPU.ActiveCfg = Release|Any CPU
		{8F41F4D4-DBDE-4E30-A8E9-374536F4AC62}.Release|Any CPU.Build.0 = Release|Any CPU
		{3CD4C767-D656-4C3C-913B-B949F18C2371}.Debug|Any CPU.ActiveCfg = Debug|Any CPU
		{3CD4C767-D656-4C3C-913B-B949F18C2371}.Debug|Any CPU.Build.0 = Debug|Any CPU
		{3CD4C767-D656-4C3C-913B-B949F18C2371}.Release|Any CPU.ActiveCfg = Release|Any CPU
		{3CD4C767-D656-4C3C-913B-B949F18C2371}.Release|Any CPU.Build.0 = Release|Any CPU
		{0CED5280-9D06-4427-B2F1-5F521F617EE3}.Debug|Any CPU.ActiveCfg = Debug|Any CPU
		{0CED5280-9D06-4427-B2F1-5F521F617EE3}.Debug|Any CPU.Build.0 = Debug|Any CPU
		{0CED5280-9D06-4427-B2F1-5F521F617EE3}.Release|Any CPU.ActiveCfg = Release|Any CPU
		{0CED5280-9D06-4427-B2F1-5F521F617EE3}.Release|Any CPU.Build.0 = Release|Any CPU
		{4901295D-068C-4B06-A463-612685BF45FD}.Debug|Any CPU.ActiveCfg = Debug|Any CPU
		{4901295D-068C-4B06-A463-612685BF45FD}.Debug|Any CPU.Build.0 = Debug|Any CPU
		{4901295D-068C-4B06-A463-612685BF45FD}.Release|Any CPU.ActiveCfg = Release|Any CPU
		{4901295D-068C-4B06-A463-612685BF45FD}.Release|Any CPU.Build.0 = Release|Any CPU
		{820C3588-ECE4-4D8D-B23D-A54D158ABFA3}.Debug|Any CPU.ActiveCfg = Debug|Any CPU
		{820C3588-ECE4-4D8D-B23D-A54D158ABFA3}.Debug|Any CPU.Build.0 = Debug|Any CPU
		{820C3588-ECE4-4D8D-B23D-A54D158ABFA3}.Release|Any CPU.ActiveCfg = Release|Any CPU
		{820C3588-ECE4-4D8D-B23D-A54D158ABFA3}.Release|Any CPU.Build.0 = Release|Any CPU
		{9BC662C5-FEF3-42C9-B583-5340E8D551B3}.Debug|Any CPU.ActiveCfg = Debug|Any CPU
		{9BC662C5-FEF3-42C9-B583-5340E8D551B3}.Debug|Any CPU.Build.0 = Debug|Any CPU
		{9BC662C5-FEF3-42C9-B583-5340E8D551B3}.Release|Any CPU.ActiveCfg = Release|Any CPU
		{9BC662C5-FEF3-42C9-B583-5340E8D551B3}.Release|Any CPU.Build.0 = Release|Any CPU
		{5F1894C4-030A-4760-8A3D-17AC5DDB69A9}.Debug|Any CPU.ActiveCfg = Debug|Any CPU
		{5F1894C4-030A-4760-8A3D-17AC5DDB69A9}.Debug|Any CPU.Build.0 = Debug|Any CPU
		{5F1894C4-030A-4760-8A3D-17AC5DDB69A9}.Release|Any CPU.ActiveCfg = Release|Any CPU
		{5F1894C4-030A-4760-8A3D-17AC5DDB69A9}.Release|Any CPU.Build.0 = Release|Any CPU
		{06D4190E-410B-48EF-A6B6-F628CFF0C488}.Debug|Any CPU.ActiveCfg = Debug|Any CPU
		{06D4190E-410B-48EF-A6B6-F628CFF0C488}.Debug|Any CPU.Build.0 = Debug|Any CPU
		{06D4190E-410B-48EF-A6B6-F628CFF0C488}.Release|Any CPU.ActiveCfg = Release|Any CPU
		{06D4190E-410B-48EF-A6B6-F628CFF0C488}.Release|Any CPU.Build.0 = Release|Any CPU
	EndGlobalSection
	GlobalSection(SolutionProperties) = preSolution
		HideSolutionNode = FALSE
	EndGlobalSection
	GlobalSection(NestedProjects) = preSolution
		{FBA99FAA-C8D9-4328-95A0-749BF653E4BC} = {FC3A50C1-27C1-4F7D-B9FE-83D0388F2DEE}
		{4F6D14B3-B33F-49F4-B553-E57A2C31D77F} = {FBA99FAA-C8D9-4328-95A0-749BF653E4BC}
		{45224669-A36C-469F-A5CC-377B73565827} = {FBA99FAA-C8D9-4328-95A0-749BF653E4BC}
		{A54E3763-4093-468D-8D0F-52E986AB85C5} = {FBA99FAA-C8D9-4328-95A0-749BF653E4BC}
		{88204473-7A2E-4C12-B1BE-CC877F4D46C8} = {FBA99FAA-C8D9-4328-95A0-749BF653E4BC}
		{19A3AAFA-726B-4426-8FBB-11A9D23AFFAA} = {85BC644F-67D9-465C-BFA3-36E9A86C4375}
		{EED9D318-4AD1-480B-9BA3-56EF6635788A} = {1DA68B5B-397A-4CCD-B3B6-8E841C72FEB9}
		{FEEB3CA5-C41E-4D17-A8CE-3B797CC3DFB9} = {FBA99FAA-C8D9-4328-95A0-749BF653E4BC}
		{D6EB17EF-4444-41F9-AD80-9E80E56C9B7C} = {A78FEE2D-CFE4-4B5D-B4E0-2CC7C13933F7}
		{D90CE7A8-A1A5-4804-B05D-8910C6342489} = {A78FEE2D-CFE4-4B5D-B4E0-2CC7C13933F7}
		{8F41F4D4-DBDE-4E30-A8E9-374536F4AC62} = {A78FEE2D-CFE4-4B5D-B4E0-2CC7C13933F7}
		{3CD4C767-D656-4C3C-913B-B949F18C2371} = {A78FEE2D-CFE4-4B5D-B4E0-2CC7C13933F7}
		{0CED5280-9D06-4427-B2F1-5F521F617EE3} = {A78FEE2D-CFE4-4B5D-B4E0-2CC7C13933F7}
		{A78FEE2D-CFE4-4B5D-B4E0-2CC7C13933F7} = {FC3A50C1-27C1-4F7D-B9FE-83D0388F2DEE}
		{80F2CBF3-D2C2-472D-99FB-B61046F7011D} = {FC3A50C1-27C1-4F7D-B9FE-83D0388F2DEE}
		{4901295D-068C-4B06-A463-612685BF45FD} = {80F2CBF3-D2C2-472D-99FB-B61046F7011D}
		{A2BBC98A-DD83-4ECA-8EAB-3245CDC86ABE} = {FC3A50C1-27C1-4F7D-B9FE-83D0388F2DEE}
		{820C3588-ECE4-4D8D-B23D-A54D158ABFA3} = {A2BBC98A-DD83-4ECA-8EAB-3245CDC86ABE}
		{9BC662C5-FEF3-42C9-B583-5340E8D551B3} = {A2BBC98A-DD83-4ECA-8EAB-3245CDC86ABE}
		{5F1894C4-030A-4760-8A3D-17AC5DDB69A9} = {A2BBC98A-DD83-4ECA-8EAB-3245CDC86ABE}
		{06D4190E-410B-48EF-A6B6-F628CFF0C488} = {A2BBC98A-DD83-4ECA-8EAB-3245CDC86ABE}
	EndGlobalSection
	GlobalSection(ExtensibilityGlobals) = postSolution
		SolutionGuid = {B36AF581-69BE-47FE-9F91-9D6C606F709A}
	EndGlobalSection
EndGlobal
