
Microsoft Visual Studio Solution File, Format Version 12.00
# Visual Studio Version 17
VisualStudioVersion = 17.7.34221.43
MinimumVisualStudioVersion = 10.0.40219.1
Project("{2150E333-8FDC-42A3-9474-1A3956D46DE8}") = "Solution Items", "Solution Items", "{36EA9B87-98FE-4D5B-8E3D-D5756BAE11DC}"
	ProjectSection(SolutionItems) = preProject
		.gitignore = .gitignore
	EndProjectSection
EndProject
Project("{2150E333-8FDC-42A3-9474-1A3956D46DE8}") = "UserService", "UserService", "{FBA99FAA-C8D9-4328-95A0-749BF653E4BC}"
EndProject
Project("{9A19103F-16F7-4668-BE54-9A1E7A4F7556}") = "UserService.Api", "Services\UserService\UserService.Api\UserService.Api.csproj", "{4F6D14B3-B33F-49F4-B553-E57A2C31D77F}"
EndProject
Project("{9A19103F-16F7-4668-BE54-9A1E7A4F7556}") = "UserService.Application", "Services\UserService\UserService.Application\UserService.Application.csproj", "{45224669-A36C-469F-A5CC-377B73565827}"
EndProject
Project("{9A19103F-16F7-4668-BE54-9A1E7A4F7556}") = "UserService.Domain", "Services\UserService\UserService.Domain\UserService.Domain.csproj", "{A54E3763-4093-468D-8D0F-52E986AB85C5}"
EndProject
Project("{9A19103F-16F7-4668-BE54-9A1E7A4F7556}") = "UserService.Infrastructure", "Services\UserService\UserService.Infrastructure\UserService.Infrastructure.csproj", "{88204473-7A2E-4C12-B1BE-CC877F4D46C8}"
EndProject
Global
	GlobalSection(SolutionConfigurationPlatforms) = preSolution
		Debug|Any CPU = Debug|Any CPU
		Release|Any CPU = Release|Any CPU
	EndGlobalSection
	GlobalSection(ProjectConfigurationPlatforms) = postSolution
		{4F6D14B3-B33F-49F4-B553-E57A2C31D77F}.Debug|Any CPU.ActiveCfg = Debug|Any CPU
		{4F6D14B3-B33F-49F4-B553-E57A2C31D77F}.Debug|Any CPU.Build.0 = Debug|Any CPU
		{4F6D14B3-B33F-49F4-B553-E57A2C31D77F}.Release|Any CPU.ActiveCfg = Release|Any CPU
		{4F6D14B3-B33F-49F4-B553-E57A2C31D77F}.Release|Any CPU.Build.0 = Release|Any CPU
		{45224669-A36C-469F-A5CC-377B73565827}.Debug|Any CPU.ActiveCfg = Debug|Any CPU
		{45224669-A36C-469F-A5CC-377B73565827}.Debug|Any CPU.Build.0 = Debug|Any CPU
		{45224669-A36C-469F-A5CC-377B73565827}.Release|Any CPU.ActiveCfg = Release|Any CPU
		{45224669-A36C-469F-A5CC-377B73565827}.Release|Any CPU.Build.0 = Release|Any CPU
		{A54E3763-4093-468D-8D0F-52E986AB85C5}.Debug|Any CPU.ActiveCfg = Debug|Any CPU
		{A54E3763-4093-468D-8D0F-52E986AB85C5}.Debug|Any CPU.Build.0 = Debug|Any CPU
		{A54E3763-4093-468D-8D0F-52E986AB85C5}.Release|Any CPU.ActiveCfg = Release|Any CPU
		{A54E3763-4093-468D-8D0F-52E986AB85C5}.Release|Any CPU.Build.0 = Release|Any CPU
		{88204473-7A2E-4C12-B1BE-CC877F4D46C8}.Debug|Any CPU.ActiveCfg = Debug|Any CPU
		{88204473-7A2E-4C12-B1BE-CC877F4D46C8}.Debug|Any CPU.Build.0 = Debug|Any CPU
		{88204473-7A2E-4C12-B1BE-CC877F4D46C8}.Release|Any CPU.ActiveCfg = Release|Any CPU
		{88204473-7A2E-4C12-B1BE-CC877F4D46C8}.Release|Any CPU.Build.0 = Release|Any CPU
	EndGlobalSection
	GlobalSection(SolutionProperties) = preSolution
		HideSolutionNode = FALSE
	EndGlobalSection
	GlobalSection(NestedProjects) = preSolution
		{4F6D14B3-B33F-49F4-B553-E57A2C31D77F} = {FBA99FAA-C8D9-4328-95A0-749BF653E4BC}
		{45224669-A36C-469F-A5CC-377B73565827} = {FBA99FAA-C8D9-4328-95A0-749BF653E4BC}
		{A54E3763-4093-468D-8D0F-52E986AB85C5} = {FBA99FAA-C8D9-4328-95A0-749BF653E4BC}
		{88204473-7A2E-4C12-B1BE-CC877F4D46C8} = {FBA99FAA-C8D9-4328-95A0-749BF653E4BC}
	EndGlobalSection
	GlobalSection(ExtensibilityGlobals) = postSolution
		SolutionGuid = {B36AF581-69BE-47FE-9F91-9D6C606F709A}
	EndGlobalSection
EndGlobal
